// !$*UTF8*$!
{
	archiveVersion = 1;
	classes = {
	};
	objectVersion = 51;
	objects = {

/* Begin PBXBuildFile section */
		18CED0E8D6F0FCCE87D0237C /* FloatingActionButton.swift in Sources */ = {isa = PBXBuildFile; fileRef = 18CEDBFF775835BB7352A6BC /* FloatingActionButton.swift */; };
		18CED5C608B4650D9C30EA92 /* EmbeddedCollectionViewCell + Extension - UICollectionView Delegate.swift in Sources */ = {isa = PBXBuildFile; fileRef = 18CED2E4511A408444BA1A6E /* EmbeddedCollectionViewCell + Extension - UICollectionView Delegate.swift */; };
		18CEDDED3776E7BEA5C11579 /* EmbeddedCollectionViewCell + Extension - UICollectionView DataSource.swift in Sources */ = {isa = PBXBuildFile; fileRef = 18CEDC603086A25D9BCB25C7 /* EmbeddedCollectionViewCell + Extension - UICollectionView DataSource.swift */; };
		18CEDE0CEA297971A0324763 /* NewChatUserCell.swift in Sources */ = {isa = PBXBuildFile; fileRef = 18CEDB9758DB31FFE58972E1 /* NewChatUserCell.swift */; };
		3E046C2E243277F000DBB15D /* ForgotPasswordVC.swift in Sources */ = {isa = PBXBuildFile; fileRef = 3E046C2D243277F000DBB15D /* ForgotPasswordVC.swift */; };
		3E0B0E05243120EE00F92618 /* AuthManager.swift in Sources */ = {isa = PBXBuildFile; fileRef = 3E0B0E04243120EE00F92618 /* AuthManager.swift */; };
		3E0B0E082431237300F92618 /* FirebaseStorageContext.swift in Sources */ = {isa = PBXBuildFile; fileRef = 3E0B0E072431237300F92618 /* FirebaseStorageContext.swift */; };
		3E0B0E0A2431239A00F92618 /* StorageContext.swift in Sources */ = {isa = PBXBuildFile; fileRef = 3E0B0E092431239A00F92618 /* StorageContext.swift */; };
		3E0B0E0D243123C900F92618 /* User.swift in Sources */ = {isa = PBXBuildFile; fileRef = 3E0B0E0C243123C900F92618 /* User.swift */; };
		3E0B0E1224314A1C00F92618 /* TabController.swift in Sources */ = {isa = PBXBuildFile; fileRef = 3E0B0E1124314A1C00F92618 /* TabController.swift */; };
		3E0B0E17243151F400F92618 /* Extension + String.swift in Sources */ = {isa = PBXBuildFile; fileRef = 3E0B0E16243151F400F92618 /* Extension + String.swift */; };
		3E0B0E19243159FF00F92618 /* Alert.swift in Sources */ = {isa = PBXBuildFile; fileRef = 3E0B0E18243159FF00F92618 /* Alert.swift */; };
		3E12CE8E24854DE500EBC911 /* NewPartnerSearchVC.swift in Sources */ = {isa = PBXBuildFile; fileRef = 3E12CE8D24854DE500EBC911 /* NewPartnerSearchVC.swift */; };
		3E14AE3E2485A3F000E25743 /* TextViewCell.swift in Sources */ = {isa = PBXBuildFile; fileRef = 3E14AE3D2485A3F000E25743 /* TextViewCell.swift */; };
		3E1B9458246B6AAB00A179C9 /* Extension + UIViewController.swift in Sources */ = {isa = PBXBuildFile; fileRef = 3E1B9457246B6AAB00A179C9 /* Extension + UIViewController.swift */; };
		3E2A6A3024553218008B64C0 /* NewChatVC.swift in Sources */ = {isa = PBXBuildFile; fileRef = 3E2A6A2F24553218008B64C0 /* NewChatVC.swift */; };
		3E33CDC62430002200C8DE64 /* WelcomeVC.swift in Sources */ = {isa = PBXBuildFile; fileRef = 3E33CDC52430002200C8DE64 /* WelcomeVC.swift */; };
		3E33CDC8243001DF00C8DE64 /* Constants.swift in Sources */ = {isa = PBXBuildFile; fileRef = 3E33CDC7243001DF00C8DE64 /* Constants.swift */; };
		3E33CDCB2430075500C8DE64 /* GreenCapsuleButton.swift in Sources */ = {isa = PBXBuildFile; fileRef = 3E33CDCA2430075500C8DE64 /* GreenCapsuleButton.swift */; };
		3E33CDCD2430237300C8DE64 /* PagingVC.swift in Sources */ = {isa = PBXBuildFile; fileRef = 3E33CDCC2430237300C8DE64 /* PagingVC.swift */; };
		3E33CDCF243023EE00C8DE64 /* LoginVC.swift in Sources */ = {isa = PBXBuildFile; fileRef = 3E33CDCE243023EE00C8DE64 /* LoginVC.swift */; };
		3E33CDD12430241B00C8DE64 /* SignupVC.swift in Sources */ = {isa = PBXBuildFile; fileRef = 3E33CDD02430241B00C8DE64 /* SignupVC.swift */; };
		3E33CDD42430471800C8DE64 /* CustomTextField.swift in Sources */ = {isa = PBXBuildFile; fileRef = 3E33CDD32430471800C8DE64 /* CustomTextField.swift */; };
		3E33CDD624304AC000C8DE64 /* TextFieldStack.swift in Sources */ = {isa = PBXBuildFile; fileRef = 3E33CDD524304AC000C8DE64 /* TextFieldStack.swift */; };
		3E33CDD9243055A700C8DE64 /* SigninWithGoogleView.swift in Sources */ = {isa = PBXBuildFile; fileRef = 3E33CDD8243055A700C8DE64 /* SigninWithGoogleView.swift */; };
		3E3D84E2242FE06B00164981 /* AppDelegate.swift in Sources */ = {isa = PBXBuildFile; fileRef = 3E3D84E1242FE06B00164981 /* AppDelegate.swift */; };
		3E3D84E4242FE06B00164981 /* SceneDelegate.swift in Sources */ = {isa = PBXBuildFile; fileRef = 3E3D84E3242FE06B00164981 /* SceneDelegate.swift */; };
		3E3D84EB242FE06C00164981 /* Assets.xcassets in Resources */ = {isa = PBXBuildFile; fileRef = 3E3D84EA242FE06C00164981 /* Assets.xcassets */; };
		3E3D84EE242FE06C00164981 /* LaunchScreen.storyboard in Resources */ = {isa = PBXBuildFile; fileRef = 3E3D84EC242FE06C00164981 /* LaunchScreen.storyboard */; };
		3E47DCD624805B9700EBEF64 /* HiddenChatsVC.swift in Sources */ = {isa = PBXBuildFile; fileRef = 3E47DCD524805B9700EBEF64 /* HiddenChatsVC.swift */; };
		3E47DCD8248071AC00EBEF64 /* HiddenChats + Extension - Table View Data Source.swift in Sources */ = {isa = PBXBuildFile; fileRef = 3E47DCD7248071AC00EBEF64 /* HiddenChats + Extension - Table View Data Source.swift */; };
		3E47DCDA248072DC00EBEF64 /* HiddenChats + Extension - Table View Delegate.swift in Sources */ = {isa = PBXBuildFile; fileRef = 3E47DCD9248072DC00EBEF64 /* HiddenChats + Extension - Table View Delegate.swift */; };
		3E4CFA9B24857B6700598C59 /* NewPartnerSearch + Extension + UITableView Datasource.swift in Sources */ = {isa = PBXBuildFile; fileRef = 3E4CFA9A24857B6700598C59 /* NewPartnerSearch + Extension + UITableView Datasource.swift */; };
		3E4CFA9F2485971200598C59 /* TextFieldCell.swift in Sources */ = {isa = PBXBuildFile; fileRef = 3E4CFA9E2485971200598C59 /* TextFieldCell.swift */; };
		3E4EC6AB247CC414009EF9DC /* BadgeButton.swift in Sources */ = {isa = PBXBuildFile; fileRef = 3E4EC6AA247CC414009EF9DC /* BadgeButton.swift */; };
		3E5EC980243292FA00744959 /* MyMessagesVC.swift in Sources */ = {isa = PBXBuildFile; fileRef = 3E5EC97F243292FA00744959 /* MyMessagesVC.swift */; };
		3E5EC9822432C73B00744959 /* ChatVC.swift in Sources */ = {isa = PBXBuildFile; fileRef = 3E5EC9812432C73B00744959 /* ChatVC.swift */; };
		3E5EC98A2433ADC100744959 /* InputView.swift in Sources */ = {isa = PBXBuildFile; fileRef = 3E5EC9892433ADC100744959 /* InputView.swift */; };
		3E5EC98C2433D05A00744959 /* Chat.swift in Sources */ = {isa = PBXBuildFile; fileRef = 3E5EC98B2433D05A00744959 /* Chat.swift */; };
		3E5EC98E2433D0FB00744959 /* Message.swift in Sources */ = {isa = PBXBuildFile; fileRef = 3E5EC98D2433D0FB00744959 /* Message.swift */; };
		3E6F8ECD2482C8E3003512FD /* Extension + UIButton.swift in Sources */ = {isa = PBXBuildFile; fileRef = 3E6F8ECC2482C8E3003512FD /* Extension + UIButton.swift */; };
		3E8614C22453770F0053F9A1 /* Chat + Extension - Table View Data Source.swift in Sources */ = {isa = PBXBuildFile; fileRef = 3E8614C12453770F0053F9A1 /* Chat + Extension - Table View Data Source.swift */; };
		3E8614C4245377880053F9A1 /* Chat + Extension - Table View Delegate.swift in Sources */ = {isa = PBXBuildFile; fileRef = 3E8614C3245377880053F9A1 /* Chat + Extension - Table View Delegate.swift */; };
		3EA207A0243A8CDD00390B21 /* NotificationManager.swift in Sources */ = {isa = PBXBuildFile; fileRef = 3EA2079F243A8CDD00390B21 /* NotificationManager.swift */; };
		3EACBB01248212AB00972478 /* CapsuleButton.swift in Sources */ = {isa = PBXBuildFile; fileRef = 3EACBB00248212AB00972478 /* CapsuleButton.swift */; };
		3EAE530E243781C700A708F6 /* MessagedUserCell.swift in Sources */ = {isa = PBXBuildFile; fileRef = 3EAE530D243781C700A708F6 /* MessagedUserCell.swift */; };
		3EAE53102437D91500A708F6 /* NewMessageCell.swift in Sources */ = {isa = PBXBuildFile; fileRef = 3EAE530F2437D91500A708F6 /* NewMessageCell.swift */; };
		3EAE53122438130000A708F6 /* AvatarView.swift in Sources */ = {isa = PBXBuildFile; fileRef = 3EAE53112438130000A708F6 /* AvatarView.swift */; };
		3EC6E120246899BB0035C41D /* Extension  + UITableView.swift in Sources */ = {isa = PBXBuildFile; fileRef = 3EC6E11F246899BB0035C41D /* Extension  + UITableView.swift */; };
		3EC6E12224689FB20035C41D /* EmptyStateView.swift in Sources */ = {isa = PBXBuildFile; fileRef = 3EC6E12124689FB20035C41D /* EmptyStateView.swift */; };
		3ECDD15024352CD100ED04E9 /* MessagesManager.swift in Sources */ = {isa = PBXBuildFile; fileRef = 3ECDD14F24352CD100ED04E9 /* MessagesManager.swift */; };
		3EDC1E652435907000D014D8 /* MessageCell.swift in Sources */ = {isa = PBXBuildFile; fileRef = 3EDC1E642435907000D014D8 /* MessageCell.swift */; };
		3EDCEDC82456486F00FF87E3 /* NewChat + Extension - CollectionView DataSource.swift in Sources */ = {isa = PBXBuildFile; fileRef = 3EDCEDC72456486F00FF87E3 /* NewChat + Extension - CollectionView DataSource.swift */; };
		3EDCEDCA2456495000FF87E3 /* NewChat + Extension - CollectionView Delegates.swift in Sources */ = {isa = PBXBuildFile; fileRef = 3EDCEDC92456495000FF87E3 /* NewChat + Extension - CollectionView Delegates.swift */; };
		3EDCEDCC24564AD300FF87E3 /* NewChat + Extension - TableView Delegate.swift in Sources */ = {isa = PBXBuildFile; fileRef = 3EDCEDCB24564AD300FF87E3 /* NewChat + Extension - TableView Delegate.swift */; };
		3EDCEDCE2456652600FF87E3 /* Extension + CollectionView.swift in Sources */ = {isa = PBXBuildFile; fileRef = 3EDCEDCD2456652600FF87E3 /* Extension + CollectionView.swift */; };
		3EE6D7FC2431C5CB003A5BFA /* LoginVC Extension + Apple Sign in.swift in Sources */ = {isa = PBXBuildFile; fileRef = 3EE6D7FB2431C5CB003A5BFA /* LoginVC Extension + Apple Sign in.swift */; };
		3EEB034224562F17001EC067 /* NewChat + Extension - Table View DataSource.swift in Sources */ = {isa = PBXBuildFile; fileRef = 3EEB034124562F17001EC067 /* NewChat + Extension - Table View DataSource.swift */; };
		3EF48B15248704B3001AE43B /* EmbeddedCollectionViewCell.swift in Sources */ = {isa = PBXBuildFile; fileRef = 3EF48B14248704B3001AE43B /* EmbeddedCollectionViewCell.swift */; };
		3EFE15C72484666300280230 /* NewPostVC.swift in Sources */ = {isa = PBXBuildFile; fileRef = 3EFE15C62484666300280230 /* NewPostVC.swift */; };
		AE00CBCF2438572600685F0C /* HomeVC.swift in Sources */ = {isa = PBXBuildFile; fileRef = AE00CBCE2438572600685F0C /* HomeVC.swift */; };
		AE382E26242FF27700EED32C /* GoogleService-Info.plist in Resources */ = {isa = PBXBuildFile; fileRef = AE382E25242FF27700EED32C /* GoogleService-Info.plist */; };
		AE713AB32454FA240000F47F /* Extension + Date.swift in Sources */ = {isa = PBXBuildFile; fileRef = AE713AB22454FA240000F47F /* Extension + Date.swift */; };
		AEB726792432878B006923CA /* ExploreVC.swift in Sources */ = {isa = PBXBuildFile; fileRef = AEB726782432878B006923CA /* ExploreVC.swift */; };
		AEB7267E24328803006923CA /* ActivityVC.swift in Sources */ = {isa = PBXBuildFile; fileRef = AEB7267D24328803006923CA /* ActivityVC.swift */; };
		AEB7268024328814006923CA /* ProfileVC.swift in Sources */ = {isa = PBXBuildFile; fileRef = AEB7267F24328814006923CA /* ProfileVC.swift */; };
		F11685015C0579825B3B7BA7 /* Pods_DevSocial.framework in Frameworks */ = {isa = PBXBuildFile; fileRef = 87BE1186628FE3016D040A48 /* Pods_DevSocial.framework */; };
/* End PBXBuildFile section */

/* Begin PBXFileReference section */
		18CED2E4511A408444BA1A6E /* EmbeddedCollectionViewCell + Extension - UICollectionView Delegate.swift */ = {isa = PBXFileReference; fileEncoding = 4; lastKnownFileType = sourcecode.swift; path = "EmbeddedCollectionViewCell + Extension - UICollectionView Delegate.swift"; sourceTree = "<group>"; };
		18CEDB9758DB31FFE58972E1 /* NewChatUserCell.swift */ = {isa = PBXFileReference; fileEncoding = 4; lastKnownFileType = sourcecode.swift; path = NewChatUserCell.swift; sourceTree = "<group>"; };
		18CEDBFF775835BB7352A6BC /* FloatingActionButton.swift */ = {isa = PBXFileReference; fileEncoding = 4; lastKnownFileType = sourcecode.swift; path = FloatingActionButton.swift; sourceTree = "<group>"; };
		18CEDC603086A25D9BCB25C7 /* EmbeddedCollectionViewCell + Extension - UICollectionView DataSource.swift */ = {isa = PBXFileReference; fileEncoding = 4; lastKnownFileType = sourcecode.swift; path = "EmbeddedCollectionViewCell + Extension - UICollectionView DataSource.swift"; sourceTree = "<group>"; };
		3E046C2D243277F000DBB15D /* ForgotPasswordVC.swift */ = {isa = PBXFileReference; lastKnownFileType = sourcecode.swift; path = ForgotPasswordVC.swift; sourceTree = "<group>"; };
		3E0B0E04243120EE00F92618 /* AuthManager.swift */ = {isa = PBXFileReference; lastKnownFileType = sourcecode.swift; path = AuthManager.swift; sourceTree = "<group>"; };
		3E0B0E072431237300F92618 /* FirebaseStorageContext.swift */ = {isa = PBXFileReference; lastKnownFileType = sourcecode.swift; path = FirebaseStorageContext.swift; sourceTree = "<group>"; };
		3E0B0E092431239A00F92618 /* StorageContext.swift */ = {isa = PBXFileReference; lastKnownFileType = sourcecode.swift; path = StorageContext.swift; sourceTree = "<group>"; };
		3E0B0E0C243123C900F92618 /* User.swift */ = {isa = PBXFileReference; lastKnownFileType = sourcecode.swift; path = User.swift; sourceTree = "<group>"; };
		3E0B0E1124314A1C00F92618 /* TabController.swift */ = {isa = PBXFileReference; lastKnownFileType = sourcecode.swift; path = TabController.swift; sourceTree = "<group>"; };
		3E0B0E16243151F400F92618 /* Extension + String.swift */ = {isa = PBXFileReference; lastKnownFileType = sourcecode.swift; path = "Extension + String.swift"; sourceTree = "<group>"; };
		3E0B0E18243159FF00F92618 /* Alert.swift */ = {isa = PBXFileReference; lastKnownFileType = sourcecode.swift; path = Alert.swift; sourceTree = "<group>"; };
		3E12CE8D24854DE500EBC911 /* NewPartnerSearchVC.swift */ = {isa = PBXFileReference; lastKnownFileType = sourcecode.swift; path = NewPartnerSearchVC.swift; sourceTree = "<group>"; };
		3E14AE3D2485A3F000E25743 /* TextViewCell.swift */ = {isa = PBXFileReference; lastKnownFileType = sourcecode.swift; path = TextViewCell.swift; sourceTree = "<group>"; };
		3E1B9457246B6AAB00A179C9 /* Extension + UIViewController.swift */ = {isa = PBXFileReference; lastKnownFileType = sourcecode.swift; path = "Extension + UIViewController.swift"; sourceTree = "<group>"; };
		3E2A6A2F24553218008B64C0 /* NewChatVC.swift */ = {isa = PBXFileReference; lastKnownFileType = sourcecode.swift; path = NewChatVC.swift; sourceTree = "<group>"; };
		3E33CDC52430002200C8DE64 /* WelcomeVC.swift */ = {isa = PBXFileReference; lastKnownFileType = sourcecode.swift; path = WelcomeVC.swift; sourceTree = "<group>"; };
		3E33CDC7243001DF00C8DE64 /* Constants.swift */ = {isa = PBXFileReference; lastKnownFileType = sourcecode.swift; path = Constants.swift; sourceTree = "<group>"; };
		3E33CDCA2430075500C8DE64 /* GreenCapsuleButton.swift */ = {isa = PBXFileReference; lastKnownFileType = sourcecode.swift; path = GreenCapsuleButton.swift; sourceTree = "<group>"; };
		3E33CDCC2430237300C8DE64 /* PagingVC.swift */ = {isa = PBXFileReference; lastKnownFileType = sourcecode.swift; path = PagingVC.swift; sourceTree = "<group>"; };
		3E33CDCE243023EE00C8DE64 /* LoginVC.swift */ = {isa = PBXFileReference; lastKnownFileType = sourcecode.swift; path = LoginVC.swift; sourceTree = "<group>"; };
		3E33CDD02430241B00C8DE64 /* SignupVC.swift */ = {isa = PBXFileReference; lastKnownFileType = sourcecode.swift; path = SignupVC.swift; sourceTree = "<group>"; };
		3E33CDD32430471800C8DE64 /* CustomTextField.swift */ = {isa = PBXFileReference; lastKnownFileType = sourcecode.swift; path = CustomTextField.swift; sourceTree = "<group>"; };
		3E33CDD524304AC000C8DE64 /* TextFieldStack.swift */ = {isa = PBXFileReference; lastKnownFileType = sourcecode.swift; path = TextFieldStack.swift; sourceTree = "<group>"; };
		3E33CDD8243055A700C8DE64 /* SigninWithGoogleView.swift */ = {isa = PBXFileReference; lastKnownFileType = sourcecode.swift; path = SigninWithGoogleView.swift; sourceTree = "<group>"; };
		3E3D84DE242FE06B00164981 /* DevSocial.app */ = {isa = PBXFileReference; explicitFileType = wrapper.application; includeInIndex = 0; path = DevSocial.app; sourceTree = BUILT_PRODUCTS_DIR; };
		3E3D84E1242FE06B00164981 /* AppDelegate.swift */ = {isa = PBXFileReference; lastKnownFileType = sourcecode.swift; path = AppDelegate.swift; sourceTree = "<group>"; };
		3E3D84E3242FE06B00164981 /* SceneDelegate.swift */ = {isa = PBXFileReference; lastKnownFileType = sourcecode.swift; path = SceneDelegate.swift; sourceTree = "<group>"; };
		3E3D84EA242FE06C00164981 /* Assets.xcassets */ = {isa = PBXFileReference; lastKnownFileType = folder.assetcatalog; path = Assets.xcassets; sourceTree = "<group>"; };
		3E3D84ED242FE06C00164981 /* Base */ = {isa = PBXFileReference; lastKnownFileType = file.storyboard; name = Base; path = Base.lproj/LaunchScreen.storyboard; sourceTree = "<group>"; };
		3E3D84EF242FE06C00164981 /* Info.plist */ = {isa = PBXFileReference; lastKnownFileType = text.plist.xml; path = Info.plist; sourceTree = "<group>"; };
		3E47DCD524805B9700EBEF64 /* HiddenChatsVC.swift */ = {isa = PBXFileReference; lastKnownFileType = sourcecode.swift; path = HiddenChatsVC.swift; sourceTree = "<group>"; };
		3E47DCD7248071AC00EBEF64 /* HiddenChats + Extension - Table View Data Source.swift */ = {isa = PBXFileReference; lastKnownFileType = sourcecode.swift; path = "HiddenChats + Extension - Table View Data Source.swift"; sourceTree = "<group>"; };
		3E47DCD9248072DC00EBEF64 /* HiddenChats + Extension - Table View Delegate.swift */ = {isa = PBXFileReference; lastKnownFileType = sourcecode.swift; path = "HiddenChats + Extension - Table View Delegate.swift"; sourceTree = "<group>"; };
		3E4CFA9A24857B6700598C59 /* NewPartnerSearch + Extension + UITableView Datasource.swift */ = {isa = PBXFileReference; lastKnownFileType = sourcecode.swift; path = "NewPartnerSearch + Extension + UITableView Datasource.swift"; sourceTree = "<group>"; };
		3E4CFA9E2485971200598C59 /* TextFieldCell.swift */ = {isa = PBXFileReference; lastKnownFileType = sourcecode.swift; path = TextFieldCell.swift; sourceTree = "<group>"; };
		3E4EC6AA247CC414009EF9DC /* BadgeButton.swift */ = {isa = PBXFileReference; lastKnownFileType = sourcecode.swift; path = BadgeButton.swift; sourceTree = "<group>"; };
		3E5EC97F243292FA00744959 /* MyMessagesVC.swift */ = {isa = PBXFileReference; lastKnownFileType = sourcecode.swift; path = MyMessagesVC.swift; sourceTree = "<group>"; };
		3E5EC9812432C73B00744959 /* ChatVC.swift */ = {isa = PBXFileReference; lastKnownFileType = sourcecode.swift; path = ChatVC.swift; sourceTree = "<group>"; };
		3E5EC9892433ADC100744959 /* InputView.swift */ = {isa = PBXFileReference; lastKnownFileType = sourcecode.swift; path = InputView.swift; sourceTree = "<group>"; };
		3E5EC98B2433D05A00744959 /* Chat.swift */ = {isa = PBXFileReference; lastKnownFileType = sourcecode.swift; path = Chat.swift; sourceTree = "<group>"; };
		3E5EC98D2433D0FB00744959 /* Message.swift */ = {isa = PBXFileReference; lastKnownFileType = sourcecode.swift; path = Message.swift; sourceTree = "<group>"; };
		3E6F8ECC2482C8E3003512FD /* Extension + UIButton.swift */ = {isa = PBXFileReference; lastKnownFileType = sourcecode.swift; path = "Extension + UIButton.swift"; sourceTree = "<group>"; };
		3E8614C12453770F0053F9A1 /* Chat + Extension - Table View Data Source.swift */ = {isa = PBXFileReference; lastKnownFileType = sourcecode.swift; path = "Chat + Extension - Table View Data Source.swift"; sourceTree = "<group>"; };
		3E8614C3245377880053F9A1 /* Chat + Extension - Table View Delegate.swift */ = {isa = PBXFileReference; lastKnownFileType = sourcecode.swift; path = "Chat + Extension - Table View Delegate.swift"; sourceTree = "<group>"; };
		3EA2079F243A8CDD00390B21 /* NotificationManager.swift */ = {isa = PBXFileReference; lastKnownFileType = sourcecode.swift; path = NotificationManager.swift; sourceTree = "<group>"; };
		3EACBB00248212AB00972478 /* CapsuleButton.swift */ = {isa = PBXFileReference; lastKnownFileType = sourcecode.swift; path = CapsuleButton.swift; sourceTree = "<group>"; };
		3EAE530D243781C700A708F6 /* MessagedUserCell.swift */ = {isa = PBXFileReference; lastKnownFileType = sourcecode.swift; path = MessagedUserCell.swift; sourceTree = "<group>"; };
		3EAE530F2437D91500A708F6 /* NewMessageCell.swift */ = {isa = PBXFileReference; lastKnownFileType = sourcecode.swift; path = NewMessageCell.swift; sourceTree = "<group>"; };
		3EAE53112438130000A708F6 /* AvatarView.swift */ = {isa = PBXFileReference; lastKnownFileType = sourcecode.swift; path = AvatarView.swift; sourceTree = "<group>"; };
		3EC6E11F246899BB0035C41D /* Extension  + UITableView.swift */ = {isa = PBXFileReference; lastKnownFileType = sourcecode.swift; path = "Extension  + UITableView.swift"; sourceTree = "<group>"; };
		3EC6E12124689FB20035C41D /* EmptyStateView.swift */ = {isa = PBXFileReference; lastKnownFileType = sourcecode.swift; path = EmptyStateView.swift; sourceTree = "<group>"; };
		3ECDD14F24352CD100ED04E9 /* MessagesManager.swift */ = {isa = PBXFileReference; lastKnownFileType = sourcecode.swift; path = MessagesManager.swift; sourceTree = "<group>"; };
		3EDC1E642435907000D014D8 /* MessageCell.swift */ = {isa = PBXFileReference; lastKnownFileType = sourcecode.swift; path = MessageCell.swift; sourceTree = "<group>"; };
		3EDCEDC72456486F00FF87E3 /* NewChat + Extension - CollectionView DataSource.swift */ = {isa = PBXFileReference; lastKnownFileType = sourcecode.swift; path = "NewChat + Extension - CollectionView DataSource.swift"; sourceTree = "<group>"; };
		3EDCEDC92456495000FF87E3 /* NewChat + Extension - CollectionView Delegates.swift */ = {isa = PBXFileReference; lastKnownFileType = sourcecode.swift; path = "NewChat + Extension - CollectionView Delegates.swift"; sourceTree = "<group>"; };
		3EDCEDCB24564AD300FF87E3 /* NewChat + Extension - TableView Delegate.swift */ = {isa = PBXFileReference; lastKnownFileType = sourcecode.swift; path = "NewChat + Extension - TableView Delegate.swift"; sourceTree = "<group>"; };
		3EDCEDCD2456652600FF87E3 /* Extension + CollectionView.swift */ = {isa = PBXFileReference; lastKnownFileType = sourcecode.swift; path = "Extension + CollectionView.swift"; sourceTree = "<group>"; };
		3EE6D7FA2431C25D003A5BFA /* DevSocial.entitlements */ = {isa = PBXFileReference; lastKnownFileType = text.plist.entitlements; path = DevSocial.entitlements; sourceTree = "<group>"; };
		3EE6D7FB2431C5CB003A5BFA /* LoginVC Extension + Apple Sign in.swift */ = {isa = PBXFileReference; lastKnownFileType = sourcecode.swift; path = "LoginVC Extension + Apple Sign in.swift"; sourceTree = "<group>"; };
		3EEB034124562F17001EC067 /* NewChat + Extension - Table View DataSource.swift */ = {isa = PBXFileReference; lastKnownFileType = sourcecode.swift; path = "NewChat + Extension - Table View DataSource.swift"; sourceTree = "<group>"; };
		3EF48B14248704B3001AE43B /* EmbeddedCollectionViewCell.swift */ = {isa = PBXFileReference; lastKnownFileType = sourcecode.swift; path = EmbeddedCollectionViewCell.swift; sourceTree = "<group>"; };
		3EFE15C62484666300280230 /* NewPostVC.swift */ = {isa = PBXFileReference; lastKnownFileType = sourcecode.swift; path = NewPostVC.swift; sourceTree = "<group>"; };
		4ED06CFDC266AADBBFC453F9 /* Pods-DevSocial.release.xcconfig */ = {isa = PBXFileReference; includeInIndex = 1; lastKnownFileType = text.xcconfig; name = "Pods-DevSocial.release.xcconfig"; path = "Target Support Files/Pods-DevSocial/Pods-DevSocial.release.xcconfig"; sourceTree = "<group>"; };
		87BE1186628FE3016D040A48 /* Pods_DevSocial.framework */ = {isa = PBXFileReference; explicitFileType = wrapper.framework; includeInIndex = 0; path = Pods_DevSocial.framework; sourceTree = BUILT_PRODUCTS_DIR; };
		AE00CBCE2438572600685F0C /* HomeVC.swift */ = {isa = PBXFileReference; fileEncoding = 4; lastKnownFileType = sourcecode.swift; path = HomeVC.swift; sourceTree = "<group>"; };
		AE382E25242FF27700EED32C /* GoogleService-Info.plist */ = {isa = PBXFileReference; fileEncoding = 4; lastKnownFileType = text.plist.xml; path = "GoogleService-Info.plist"; sourceTree = "<group>"; };
		AE713AB22454FA240000F47F /* Extension + Date.swift */ = {isa = PBXFileReference; lastKnownFileType = sourcecode.swift; path = "Extension + Date.swift"; sourceTree = "<group>"; };
		AEB726782432878B006923CA /* ExploreVC.swift */ = {isa = PBXFileReference; lastKnownFileType = sourcecode.swift; path = ExploreVC.swift; sourceTree = "<group>"; };
		AEB7267D24328803006923CA /* ActivityVC.swift */ = {isa = PBXFileReference; lastKnownFileType = sourcecode.swift; path = ActivityVC.swift; sourceTree = "<group>"; };
		AEB7267F24328814006923CA /* ProfileVC.swift */ = {isa = PBXFileReference; lastKnownFileType = sourcecode.swift; path = ProfileVC.swift; sourceTree = "<group>"; };
		CE2F60A8E635AD031D4BBEFE /* Pods-DevSocial.debug.xcconfig */ = {isa = PBXFileReference; includeInIndex = 1; lastKnownFileType = text.xcconfig; name = "Pods-DevSocial.debug.xcconfig"; path = "Target Support Files/Pods-DevSocial/Pods-DevSocial.debug.xcconfig"; sourceTree = "<group>"; };
/* End PBXFileReference section */

/* Begin PBXFrameworksBuildPhase section */
		3E3D84DB242FE06B00164981 /* Frameworks */ = {
			isa = PBXFrameworksBuildPhase;
			buildActionMask = 2147483647;
			files = (
				F11685015C0579825B3B7BA7 /* Pods_DevSocial.framework in Frameworks */,
			);
			runOnlyForDeploymentPostprocessing = 0;
		};
/* End PBXFrameworksBuildPhase section */

/* Begin PBXGroup section */
		3E0B0E03243120DA00F92618 /* AuthManager */ = {
			isa = PBXGroup;
			children = (
				3E0B0E04243120EE00F92618 /* AuthManager.swift */,
			);
			path = AuthManager;
			sourceTree = "<group>";
		};
		3E0B0E062431235A00F92618 /* DBManager */ = {
			isa = PBXGroup;
			children = (
				3E0B0E072431237300F92618 /* FirebaseStorageContext.swift */,
				3E0B0E092431239A00F92618 /* StorageContext.swift */,
			);
			path = DBManager;
			sourceTree = "<group>";
		};
		3E0B0E0B243123C000F92618 /* Auth */ = {
			isa = PBXGroup;
			children = (
				3E0B0E0C243123C900F92618 /* User.swift */,
			);
			path = Auth;
			sourceTree = "<group>";
		};
		3E0B0E1024314A0C00F92618 /* Home */ = {
			isa = PBXGroup;
			children = (
				AE00CBCE2438572600685F0C /* HomeVC.swift */,
				3E0B0E1124314A1C00F92618 /* TabController.swift */,
				3EFE15C62484666300280230 /* NewPostVC.swift */,
				3E12CE8D24854DE500EBC911 /* NewPartnerSearchVC.swift */,
			);
			path = Home;
			sourceTree = "<group>";
		};
		3E0B0E15243151E400F92618 /* Extensions */ = {
			isa = PBXGroup;
			children = (
				3E4CFA9924857B4D00598C59 /* Home */,
				3EC6E11E246899960035C41D /* General */,
				3E8614C0245376EF0053F9A1 /* Chat */,
			);
			path = Extensions;
			sourceTree = "<group>";
		};
		3E33CDC0242FFFEF00C8DE64 /* Controller */ = {
			isa = PBXGroup;
			children = (
				3E5EC97E24328DBB00744959 /* Messaging */,
				3E0B0E1024314A0C00F92618 /* Home */,
				AEB7267A243287E4006923CA /* Explore */,
				AEB7267B243287F5006923CA /* Activity */,
				AEB7267C243287FA006923CA /* Profile */,
				3E33CDC42430001900C8DE64 /* Auth */,
			);
			path = Controller;
			sourceTree = "<group>";
		};
		3E33CDC1242FFFF700C8DE64 /* View */ = {
			isa = PBXGroup;
			children = (
				3E4CFA9C248596E500598C59 /* Cells */,
				3E5EC9882433ADB300744959 /* Messaging */,
				3E33CDD22430470500C8DE64 /* General */,
				3E33CDD72430555C00C8DE64 /* Auth */,
			);
			path = View;
			sourceTree = "<group>";
		};
		3E33CDC2242FFFFC00C8DE64 /* Model */ = {
			isa = PBXGroup;
			children = (
				3EAE531324383A7500A708F6 /* General */,
				3E0B0E0B243123C000F92618 /* Auth */,
				3E5EC9832432C86500744959 /* Messaging */,
			);
			path = Model;
			sourceTree = "<group>";
		};
		3E33CDC32430000000C8DE64 /* Misc */ = {
			isa = PBXGroup;
			children = (
				3E3D84E1242FE06B00164981 /* AppDelegate.swift */,
				3E3D84E3242FE06B00164981 /* SceneDelegate.swift */,
				3E3D84EA242FE06C00164981 /* Assets.xcassets */,
				3E3D84EC242FE06C00164981 /* LaunchScreen.storyboard */,
			);
			path = Misc;
			sourceTree = "<group>";
		};
		3E33CDC42430001900C8DE64 /* Auth */ = {
			isa = PBXGroup;
			children = (
				3E33CDCC2430237300C8DE64 /* PagingVC.swift */,
				3E33CDC52430002200C8DE64 /* WelcomeVC.swift */,
				AE5E73D4243293370079393C /* Sign up */,
				3EE6D7FD2431C6C9003A5BFA /* Login */,
			);
			path = Auth;
			sourceTree = "<group>";
		};
		3E33CDD22430470500C8DE64 /* General */ = {
			isa = PBXGroup;
			children = (
				3EC6E12124689FB20035C41D /* EmptyStateView.swift */,
				3E33CDCA2430075500C8DE64 /* GreenCapsuleButton.swift */,
				3E33CDD32430471800C8DE64 /* CustomTextField.swift */,
				3E33CDD524304AC000C8DE64 /* TextFieldStack.swift */,
				3EAE53112438130000A708F6 /* AvatarView.swift */,
				3E4EC6AA247CC414009EF9DC /* BadgeButton.swift */,
				3EACBB00248212AB00972478 /* CapsuleButton.swift */,
				18CEDBFF775835BB7352A6BC /* FloatingActionButton.swift */,
			);
			path = General;
			sourceTree = "<group>";
		};
		3E33CDD72430555C00C8DE64 /* Auth */ = {
			isa = PBXGroup;
			children = (
				3E33CDD8243055A700C8DE64 /* SigninWithGoogleView.swift */,
			);
			path = Auth;
			sourceTree = "<group>";
		};
		3E3D84D5242FE06B00164981 = {
			isa = PBXGroup;
			children = (
				3E3D84E0242FE06B00164981 /* DevSocial */,
				3E3D84DF242FE06B00164981 /* Products */,
				F6D4277DAF7CA495A387E13D /* Pods */,
				DFFC860B8BD449767CB316A6 /* Frameworks */,
			);
			sourceTree = "<group>";
		};
		3E3D84DF242FE06B00164981 /* Products */ = {
			isa = PBXGroup;
			children = (
				3E3D84DE242FE06B00164981 /* DevSocial.app */,
			);
			name = Products;
			sourceTree = "<group>";
		};
		3E3D84E0242FE06B00164981 /* DevSocial */ = {
			isa = PBXGroup;
			children = (
				3EE6D7FA2431C25D003A5BFA /* DevSocial.entitlements */,
				3E3D84EF242FE06C00164981 /* Info.plist */,
				AE382E25242FF27700EED32C /* GoogleService-Info.plist */,
				3EA2079E243A8CC500390B21 /* Notification Manager */,
				3ECDD14E24352CBF00ED04E9 /* MessagesManager */,
				3E0B0E15243151E400F92618 /* Extensions */,
				3E0B0E03243120DA00F92618 /* AuthManager */,
				3E0B0E062431235A00F92618 /* DBManager */,
				3E33CDC32430000000C8DE64 /* Misc */,
				3E33CDC2242FFFFC00C8DE64 /* Model */,
				3E33CDC1242FFFF700C8DE64 /* View */,
				3E33CDC0242FFFEF00C8DE64 /* Controller */,
			);
			path = DevSocial;
			sourceTree = "<group>";
		};
		3E4CFA9924857B4D00598C59 /* Home */ = {
			isa = PBXGroup;
			children = (
				3E4CFA9A24857B6700598C59 /* NewPartnerSearch + Extension + UITableView Datasource.swift */,
				18CEDC603086A25D9BCB25C7 /* EmbeddedCollectionViewCell + Extension - UICollectionView DataSource.swift */,
				18CED2E4511A408444BA1A6E /* EmbeddedCollectionViewCell + Extension - UICollectionView Delegate.swift */,
			);
			path = Home;
			sourceTree = "<group>";
		};
		3E4CFA9C248596E500598C59 /* Cells */ = {
			isa = PBXGroup;
			children = (
				3E4CFA9D248596F000598C59 /* TableView */,
			);
			path = Cells;
			sourceTree = "<group>";
		};
		3E4CFA9D248596F000598C59 /* TableView */ = {
			isa = PBXGroup;
			children = (
				3E4CFA9E2485971200598C59 /* TextFieldCell.swift */,
				3E14AE3D2485A3F000E25743 /* TextViewCell.swift */,
				3EF48B14248704B3001AE43B /* EmbeddedCollectionViewCell.swift */,
			);
			path = TableView;
			sourceTree = "<group>";
		};
		3E5EC97E24328DBB00744959 /* Messaging */ = {
			isa = PBXGroup;
			children = (
				3E5EC97F243292FA00744959 /* MyMessagesVC.swift */,
				3E5EC9812432C73B00744959 /* ChatVC.swift */,
				3E2A6A2F24553218008B64C0 /* NewChatVC.swift */,
				3E47DCD524805B9700EBEF64 /* HiddenChatsVC.swift */,
			);
			path = Messaging;
			sourceTree = "<group>";
		};
		3E5EC9832432C86500744959 /* Messaging */ = {
			isa = PBXGroup;
			children = (
				3E5EC98B2433D05A00744959 /* Chat.swift */,
				3E5EC98D2433D0FB00744959 /* Message.swift */,
			);
			path = Messaging;
			sourceTree = "<group>";
		};
		3E5EC9882433ADB300744959 /* Messaging */ = {
			isa = PBXGroup;
			children = (
				3E5EC9892433ADC100744959 /* InputView.swift */,
				3EDC1E642435907000D014D8 /* MessageCell.swift */,
				3EAE530D243781C700A708F6 /* MessagedUserCell.swift */,
				3EAE530F2437D91500A708F6 /* NewMessageCell.swift */,
				18CEDB9758DB31FFE58972E1 /* NewChatUserCell.swift */,
			);
			path = Messaging;
			sourceTree = "<group>";
		};
		3E8614C0245376EF0053F9A1 /* Chat */ = {
			isa = PBXGroup;
			children = (
				3E8614C12453770F0053F9A1 /* Chat + Extension - Table View Data Source.swift */,
				3E8614C3245377880053F9A1 /* Chat + Extension - Table View Delegate.swift */,
				3EEB034124562F17001EC067 /* NewChat + Extension - Table View DataSource.swift */,
				3EDCEDC72456486F00FF87E3 /* NewChat + Extension - CollectionView DataSource.swift */,
				3EDCEDC92456495000FF87E3 /* NewChat + Extension - CollectionView Delegates.swift */,
				3EDCEDCB24564AD300FF87E3 /* NewChat + Extension - TableView Delegate.swift */,
				3E47DCD7248071AC00EBEF64 /* HiddenChats + Extension - Table View Data Source.swift */,
				3E47DCD9248072DC00EBEF64 /* HiddenChats + Extension - Table View Delegate.swift */,
			);
			path = Chat;
			sourceTree = "<group>";
		};
		3EA2079E243A8CC500390B21 /* Notification Manager */ = {
			isa = PBXGroup;
			children = (
				3EA2079F243A8CDD00390B21 /* NotificationManager.swift */,
			);
			path = "Notification Manager";
			sourceTree = "<group>";
		};
		3EAE531324383A7500A708F6 /* General */ = {
			isa = PBXGroup;
			children = (
				3E33CDC7243001DF00C8DE64 /* Constants.swift */,
				3E0B0E18243159FF00F92618 /* Alert.swift */,
			);
			path = General;
			sourceTree = "<group>";
		};
		3EC6E11E246899960035C41D /* General */ = {
			isa = PBXGroup;
			children = (
				3E0B0E16243151F400F92618 /* Extension + String.swift */,
				AE713AB22454FA240000F47F /* Extension + Date.swift */,
				3EDCEDCD2456652600FF87E3 /* Extension + CollectionView.swift */,
				3EC6E11F246899BB0035C41D /* Extension  + UITableView.swift */,
				3E1B9457246B6AAB00A179C9 /* Extension + UIViewController.swift */,
				3E6F8ECC2482C8E3003512FD /* Extension + UIButton.swift */,
			);
			path = General;
			sourceTree = "<group>";
		};
		3ECDD14E24352CBF00ED04E9 /* MessagesManager */ = {
			isa = PBXGroup;
			children = (
				3ECDD14F24352CD100ED04E9 /* MessagesManager.swift */,
			);
			path = MessagesManager;
			sourceTree = "<group>";
		};
		3EE6D7FD2431C6C9003A5BFA /* Login */ = {
			isa = PBXGroup;
			children = (
				3E33CDCE243023EE00C8DE64 /* LoginVC.swift */,
				3EE6D7FB2431C5CB003A5BFA /* LoginVC Extension + Apple Sign in.swift */,
				3E046C2D243277F000DBB15D /* ForgotPasswordVC.swift */,
			);
			path = Login;
			sourceTree = "<group>";
		};
		AE5E73D4243293370079393C /* Sign up */ = {
			isa = PBXGroup;
			children = (
				3E33CDD02430241B00C8DE64 /* SignupVC.swift */,
			);
			path = "Sign up";
			sourceTree = "<group>";
		};
		AEB7267A243287E4006923CA /* Explore */ = {
			isa = PBXGroup;
			children = (
				AEB726782432878B006923CA /* ExploreVC.swift */,
			);
			path = Explore;
			sourceTree = "<group>";
		};
		AEB7267B243287F5006923CA /* Activity */ = {
			isa = PBXGroup;
			children = (
				AEB7267D24328803006923CA /* ActivityVC.swift */,
			);
			path = Activity;
			sourceTree = "<group>";
		};
		AEB7267C243287FA006923CA /* Profile */ = {
			isa = PBXGroup;
			children = (
				AEB7267F24328814006923CA /* ProfileVC.swift */,
			);
			path = Profile;
			sourceTree = "<group>";
		};
		DFFC860B8BD449767CB316A6 /* Frameworks */ = {
			isa = PBXGroup;
			children = (
				87BE1186628FE3016D040A48 /* Pods_DevSocial.framework */,
			);
			name = Frameworks;
			sourceTree = "<group>";
		};
		F6D4277DAF7CA495A387E13D /* Pods */ = {
			isa = PBXGroup;
			children = (
				CE2F60A8E635AD031D4BBEFE /* Pods-DevSocial.debug.xcconfig */,
				4ED06CFDC266AADBBFC453F9 /* Pods-DevSocial.release.xcconfig */,
			);
			path = Pods;
			sourceTree = "<group>";
		};
/* End PBXGroup section */

/* Begin PBXNativeTarget section */
		3E3D84DD242FE06B00164981 /* DevSocial */ = {
			isa = PBXNativeTarget;
			buildConfigurationList = 3E3D84F2242FE06C00164981 /* Build configuration list for PBXNativeTarget "DevSocial" */;
			buildPhases = (
				1B13F50A89A034DE4745E68F /* [CP] Check Pods Manifest.lock */,
				3E3D84DA242FE06B00164981 /* Sources */,
				3E3D84DB242FE06B00164981 /* Frameworks */,
				3E3D84DC242FE06B00164981 /* Resources */,
				123965F26809612C1340C720 /* [CP] Embed Pods Frameworks */,
				F10053CF845F59B97BF90BC7 /* [CP] Copy Pods Resources */,
			);
			buildRules = (
			);
			dependencies = (
			);
			name = DevSocial;
			productName = DevSocial;
			productReference = 3E3D84DE242FE06B00164981 /* DevSocial.app */;
			productType = "com.apple.product-type.application";
		};
/* End PBXNativeTarget section */

/* Begin PBXProject section */
		3E3D84D6242FE06B00164981 /* Project object */ = {
			isa = PBXProject;
			attributes = {
				LastSwiftUpdateCheck = 1140;
				LastUpgradeCheck = 1140;
				ORGANIZATIONNAME = "Jake Correnti";
				TargetAttributes = {
					3E3D84DD242FE06B00164981 = {
						CreatedOnToolsVersion = 11.4;
					};
				};
			};
			buildConfigurationList = 3E3D84D9242FE06B00164981 /* Build configuration list for PBXProject "DevSocial" */;
			compatibilityVersion = "Xcode 9.3";
			developmentRegion = en;
			hasScannedForEncodings = 0;
			knownRegions = (
				en,
				Base,
			);
			mainGroup = 3E3D84D5242FE06B00164981;
			productRefGroup = 3E3D84DF242FE06B00164981 /* Products */;
			projectDirPath = "";
			projectRoot = "";
			targets = (
				3E3D84DD242FE06B00164981 /* DevSocial */,
			);
		};
/* End PBXProject section */

/* Begin PBXResourcesBuildPhase section */
		3E3D84DC242FE06B00164981 /* Resources */ = {
			isa = PBXResourcesBuildPhase;
			buildActionMask = 2147483647;
			files = (
				3E3D84EE242FE06C00164981 /* LaunchScreen.storyboard in Resources */,
				3E3D84EB242FE06C00164981 /* Assets.xcassets in Resources */,
				AE382E26242FF27700EED32C /* GoogleService-Info.plist in Resources */,
			);
			runOnlyForDeploymentPostprocessing = 0;
		};
/* End PBXResourcesBuildPhase section */

/* Begin PBXShellScriptBuildPhase section */
		123965F26809612C1340C720 /* [CP] Embed Pods Frameworks */ = {
			isa = PBXShellScriptBuildPhase;
			buildActionMask = 2147483647;
			files = (
			);
			inputFileListPaths = (
				"${PODS_ROOT}/Target Support Files/Pods-DevSocial/Pods-DevSocial-frameworks-${CONFIGURATION}-input-files.xcfilelist",
			);
			name = "[CP] Embed Pods Frameworks";
			outputFileListPaths = (
				"${PODS_ROOT}/Target Support Files/Pods-DevSocial/Pods-DevSocial-frameworks-${CONFIGURATION}-output-files.xcfilelist",
			);
			runOnlyForDeploymentPostprocessing = 0;
			shellPath = /bin/sh;
			shellScript = "\"${PODS_ROOT}/Target Support Files/Pods-DevSocial/Pods-DevSocial-frameworks.sh\"\n";
			showEnvVarsInLog = 0;
		};
		1B13F50A89A034DE4745E68F /* [CP] Check Pods Manifest.lock */ = {
			isa = PBXShellScriptBuildPhase;
			buildActionMask = 2147483647;
			files = (
			);
			inputFileListPaths = (
			);
			inputPaths = (
				"${PODS_PODFILE_DIR_PATH}/Podfile.lock",
				"${PODS_ROOT}/Manifest.lock",
			);
			name = "[CP] Check Pods Manifest.lock";
			outputFileListPaths = (
			);
			outputPaths = (
				"$(DERIVED_FILE_DIR)/Pods-DevSocial-checkManifestLockResult.txt",
			);
			runOnlyForDeploymentPostprocessing = 0;
			shellPath = /bin/sh;
			shellScript = "diff \"${PODS_PODFILE_DIR_PATH}/Podfile.lock\" \"${PODS_ROOT}/Manifest.lock\" > /dev/null\nif [ $? != 0 ] ; then\n    # print error to STDERR\n    echo \"error: The sandbox is not in sync with the Podfile.lock. Run 'pod install' or update your CocoaPods installation.\" >&2\n    exit 1\nfi\n# This output is used by Xcode 'outputs' to avoid re-running this script phase.\necho \"SUCCESS\" > \"${SCRIPT_OUTPUT_FILE_0}\"\n";
			showEnvVarsInLog = 0;
		};
		F10053CF845F59B97BF90BC7 /* [CP] Copy Pods Resources */ = {
			isa = PBXShellScriptBuildPhase;
			buildActionMask = 2147483647;
			files = (
			);
			inputFileListPaths = (
				"${PODS_ROOT}/Target Support Files/Pods-DevSocial/Pods-DevSocial-resources-${CONFIGURATION}-input-files.xcfilelist",
			);
			name = "[CP] Copy Pods Resources";
			outputFileListPaths = (
				"${PODS_ROOT}/Target Support Files/Pods-DevSocial/Pods-DevSocial-resources-${CONFIGURATION}-output-files.xcfilelist",
			);
			runOnlyForDeploymentPostprocessing = 0;
			shellPath = /bin/sh;
			shellScript = "\"${PODS_ROOT}/Target Support Files/Pods-DevSocial/Pods-DevSocial-resources.sh\"\n";
			showEnvVarsInLog = 0;
		};
/* End PBXShellScriptBuildPhase section */

/* Begin PBXSourcesBuildPhase section */
		3E3D84DA242FE06B00164981 /* Sources */ = {
			isa = PBXSourcesBuildPhase;
			buildActionMask = 2147483647;
			files = (
				3E33CDD12430241B00C8DE64 /* SignupVC.swift in Sources */,
				AE713AB32454FA240000F47F /* Extension + Date.swift in Sources */,
				3E8614C22453770F0053F9A1 /* Chat + Extension - Table View Data Source.swift in Sources */,
				3E4CFA9F2485971200598C59 /* TextFieldCell.swift in Sources */,
				3EF48B15248704B3001AE43B /* EmbeddedCollectionViewCell.swift in Sources */,
				3E0B0E0A2431239A00F92618 /* StorageContext.swift in Sources */,
				3E0B0E05243120EE00F92618 /* AuthManager.swift in Sources */,
				3E33CDCD2430237300C8DE64 /* PagingVC.swift in Sources */,
				3E5EC98E2433D0FB00744959 /* Message.swift in Sources */,
				3E6F8ECD2482C8E3003512FD /* Extension + UIButton.swift in Sources */,
				3E33CDC62430002200C8DE64 /* WelcomeVC.swift in Sources */,
				3E4CFA9B24857B6700598C59 /* NewPartnerSearch + Extension + UITableView Datasource.swift in Sources */,
				3E0B0E19243159FF00F92618 /* Alert.swift in Sources */,
				3EEB034224562F17001EC067 /* NewChat + Extension - Table View DataSource.swift in Sources */,
				3EAE530E243781C700A708F6 /* MessagedUserCell.swift in Sources */,
				3EA207A0243A8CDD00390B21 /* NotificationManager.swift in Sources */,
				3EE6D7FC2431C5CB003A5BFA /* LoginVC Extension + Apple Sign in.swift in Sources */,
				3E046C2E243277F000DBB15D /* ForgotPasswordVC.swift in Sources */,
				3EDCEDCC24564AD300FF87E3 /* NewChat + Extension - TableView Delegate.swift in Sources */,
				3E5EC98C2433D05A00744959 /* Chat.swift in Sources */,
				3E33CDCF243023EE00C8DE64 /* LoginVC.swift in Sources */,
				3E33CDD624304AC000C8DE64 /* TextFieldStack.swift in Sources */,
				3E47DCD8248071AC00EBEF64 /* HiddenChats + Extension - Table View Data Source.swift in Sources */,
				AEB7267E24328803006923CA /* ActivityVC.swift in Sources */,
				AEB7268024328814006923CA /* ProfileVC.swift in Sources */,
				3E0B0E082431237300F92618 /* FirebaseStorageContext.swift in Sources */,
				AE00CBCF2438572600685F0C /* HomeVC.swift in Sources */,
				3EDCEDCE2456652600FF87E3 /* Extension + CollectionView.swift in Sources */,
				3EC6E120246899BB0035C41D /* Extension  + UITableView.swift in Sources */,
				3EDCEDCA2456495000FF87E3 /* NewChat + Extension - CollectionView Delegates.swift in Sources */,
				3EDC1E652435907000D014D8 /* MessageCell.swift in Sources */,
				3E1B9458246B6AAB00A179C9 /* Extension + UIViewController.swift in Sources */,
				3E0B0E0D243123C900F92618 /* User.swift in Sources */,
				3E5EC98A2433ADC100744959 /* InputView.swift in Sources */,
				3E0B0E1224314A1C00F92618 /* TabController.swift in Sources */,
				3E8614C4245377880053F9A1 /* Chat + Extension - Table View Delegate.swift in Sources */,
				3E2A6A3024553218008B64C0 /* NewChatVC.swift in Sources */,
				3E3D84E2242FE06B00164981 /* AppDelegate.swift in Sources */,
				3E3D84E4242FE06B00164981 /* SceneDelegate.swift in Sources */,
				3EDCEDC82456486F00FF87E3 /* NewChat + Extension - CollectionView DataSource.swift in Sources */,
				3E12CE8E24854DE500EBC911 /* NewPartnerSearchVC.swift in Sources */,
				3EACBB01248212AB00972478 /* CapsuleButton.swift in Sources */,
				3E4EC6AB247CC414009EF9DC /* BadgeButton.swift in Sources */,
				3E33CDCB2430075500C8DE64 /* GreenCapsuleButton.swift in Sources */,
				3EAE53122438130000A708F6 /* AvatarView.swift in Sources */,
				3E5EC980243292FA00744959 /* MyMessagesVC.swift in Sources */,
				3E0B0E17243151F400F92618 /* Extension + String.swift in Sources */,
				AEB726792432878B006923CA /* ExploreVC.swift in Sources */,
				3E47DCD624805B9700EBEF64 /* HiddenChatsVC.swift in Sources */,
				3E47DCDA248072DC00EBEF64 /* HiddenChats + Extension - Table View Delegate.swift in Sources */,
				3E33CDD9243055A700C8DE64 /* SigninWithGoogleView.swift in Sources */,
				3E33CDC8243001DF00C8DE64 /* Constants.swift in Sources */,
				3EC6E12224689FB20035C41D /* EmptyStateView.swift in Sources */,
				3E5EC9822432C73B00744959 /* ChatVC.swift in Sources */,
				3EAE53102437D91500A708F6 /* NewMessageCell.swift in Sources */,
				3E33CDD42430471800C8DE64 /* CustomTextField.swift in Sources */,
				3ECDD15024352CD100ED04E9 /* MessagesManager.swift in Sources */,
				3EFE15C72484666300280230 /* NewPostVC.swift in Sources */,
				3E14AE3E2485A3F000E25743 /* TextViewCell.swift in Sources */,
				18CEDE0CEA297971A0324763 /* NewChatUserCell.swift in Sources */,
				18CED0E8D6F0FCCE87D0237C /* FloatingActionButton.swift in Sources */,
				18CEDDED3776E7BEA5C11579 /* EmbeddedCollectionViewCell + Extension - UICollectionView DataSource.swift in Sources */,
				18CED5C608B4650D9C30EA92 /* EmbeddedCollectionViewCell + Extension - UICollectionView Delegate.swift in Sources */,
			);
			runOnlyForDeploymentPostprocessing = 0;
		};
/* End PBXSourcesBuildPhase section */

/* Begin PBXVariantGroup section */
		3E3D84EC242FE06C00164981 /* LaunchScreen.storyboard */ = {
			isa = PBXVariantGroup;
			children = (
				3E3D84ED242FE06C00164981 /* Base */,
			);
			name = LaunchScreen.storyboard;
			sourceTree = "<group>";
		};
/* End PBXVariantGroup section */

/* Begin XCBuildConfiguration section */
		3E3D84F0242FE06C00164981 /* Debug */ = {
			isa = XCBuildConfiguration;
			buildSettings = {
				ALWAYS_SEARCH_USER_PATHS = NO;
				CLANG_ANALYZER_NONNULL = YES;
				CLANG_ANALYZER_NUMBER_OBJECT_CONVERSION = YES_AGGRESSIVE;
				CLANG_CXX_LANGUAGE_STANDARD = "gnu++14";
				CLANG_CXX_LIBRARY = "libc++";
				CLANG_ENABLE_MODULES = YES;
				CLANG_ENABLE_OBJC_ARC = YES;
				CLANG_ENABLE_OBJC_WEAK = YES;
				CLANG_WARN_BLOCK_CAPTURE_AUTORELEASING = YES;
				CLANG_WARN_BOOL_CONVERSION = YES;
				CLANG_WARN_COMMA = YES;
				CLANG_WARN_CONSTANT_CONVERSION = YES;
				CLANG_WARN_DEPRECATED_OBJC_IMPLEMENTATIONS = YES;
				CLANG_WARN_DIRECT_OBJC_ISA_USAGE = YES_ERROR;
				CLANG_WARN_DOCUMENTATION_COMMENTS = YES;
				CLANG_WARN_EMPTY_BODY = YES;
				CLANG_WARN_ENUM_CONVERSION = YES;
				CLANG_WARN_INFINITE_RECURSION = YES;
				CLANG_WARN_INT_CONVERSION = YES;
				CLANG_WARN_NON_LITERAL_NULL_CONVERSION = YES;
				CLANG_WARN_OBJC_IMPLICIT_RETAIN_SELF = YES;
				CLANG_WARN_OBJC_LITERAL_CONVERSION = YES;
				CLANG_WARN_OBJC_ROOT_CLASS = YES_ERROR;
				CLANG_WARN_RANGE_LOOP_ANALYSIS = YES;
				CLANG_WARN_STRICT_PROTOTYPES = YES;
				CLANG_WARN_SUSPICIOUS_MOVE = YES;
				CLANG_WARN_UNGUARDED_AVAILABILITY = YES_AGGRESSIVE;
				CLANG_WARN_UNREACHABLE_CODE = YES;
				CLANG_WARN__DUPLICATE_METHOD_MATCH = YES;
				COPY_PHASE_STRIP = NO;
				DEBUG_INFORMATION_FORMAT = dwarf;
				ENABLE_STRICT_OBJC_MSGSEND = YES;
				ENABLE_TESTABILITY = YES;
				GCC_C_LANGUAGE_STANDARD = gnu11;
				GCC_DYNAMIC_NO_PIC = NO;
				GCC_NO_COMMON_BLOCKS = YES;
				GCC_OPTIMIZATION_LEVEL = 0;
				GCC_PREPROCESSOR_DEFINITIONS = (
					"DEBUG=1",
					"$(inherited)",
				);
				GCC_WARN_64_TO_32_BIT_CONVERSION = YES;
				GCC_WARN_ABOUT_RETURN_TYPE = YES_ERROR;
				GCC_WARN_UNDECLARED_SELECTOR = YES;
				GCC_WARN_UNINITIALIZED_AUTOS = YES_AGGRESSIVE;
				GCC_WARN_UNUSED_FUNCTION = YES;
				GCC_WARN_UNUSED_VARIABLE = YES;
				IPHONEOS_DEPLOYMENT_TARGET = 13.4;
				MTL_ENABLE_DEBUG_INFO = INCLUDE_SOURCE;
				MTL_FAST_MATH = YES;
				ONLY_ACTIVE_ARCH = YES;
				SDKROOT = iphoneos;
				SWIFT_ACTIVE_COMPILATION_CONDITIONS = DEBUG;
				SWIFT_OPTIMIZATION_LEVEL = "-Onone";
			};
			name = Debug;
		};
		3E3D84F1242FE06C00164981 /* Release */ = {
			isa = XCBuildConfiguration;
			buildSettings = {
				ALWAYS_SEARCH_USER_PATHS = NO;
				CLANG_ANALYZER_NONNULL = YES;
				CLANG_ANALYZER_NUMBER_OBJECT_CONVERSION = YES_AGGRESSIVE;
				CLANG_CXX_LANGUAGE_STANDARD = "gnu++14";
				CLANG_CXX_LIBRARY = "libc++";
				CLANG_ENABLE_MODULES = YES;
				CLANG_ENABLE_OBJC_ARC = YES;
				CLANG_ENABLE_OBJC_WEAK = YES;
				CLANG_WARN_BLOCK_CAPTURE_AUTORELEASING = YES;
				CLANG_WARN_BOOL_CONVERSION = YES;
				CLANG_WARN_COMMA = YES;
				CLANG_WARN_CONSTANT_CONVERSION = YES;
				CLANG_WARN_DEPRECATED_OBJC_IMPLEMENTATIONS = YES;
				CLANG_WARN_DIRECT_OBJC_ISA_USAGE = YES_ERROR;
				CLANG_WARN_DOCUMENTATION_COMMENTS = YES;
				CLANG_WARN_EMPTY_BODY = YES;
				CLANG_WARN_ENUM_CONVERSION = YES;
				CLANG_WARN_INFINITE_RECURSION = YES;
				CLANG_WARN_INT_CONVERSION = YES;
				CLANG_WARN_NON_LITERAL_NULL_CONVERSION = YES;
				CLANG_WARN_OBJC_IMPLICIT_RETAIN_SELF = YES;
				CLANG_WARN_OBJC_LITERAL_CONVERSION = YES;
				CLANG_WARN_OBJC_ROOT_CLASS = YES_ERROR;
				CLANG_WARN_RANGE_LOOP_ANALYSIS = YES;
				CLANG_WARN_STRICT_PROTOTYPES = YES;
				CLANG_WARN_SUSPICIOUS_MOVE = YES;
				CLANG_WARN_UNGUARDED_AVAILABILITY = YES_AGGRESSIVE;
				CLANG_WARN_UNREACHABLE_CODE = YES;
				CLANG_WARN__DUPLICATE_METHOD_MATCH = YES;
				COPY_PHASE_STRIP = NO;
				DEBUG_INFORMATION_FORMAT = "dwarf-with-dsym";
				ENABLE_NS_ASSERTIONS = NO;
				ENABLE_STRICT_OBJC_MSGSEND = YES;
				GCC_C_LANGUAGE_STANDARD = gnu11;
				GCC_NO_COMMON_BLOCKS = YES;
				GCC_WARN_64_TO_32_BIT_CONVERSION = YES;
				GCC_WARN_ABOUT_RETURN_TYPE = YES_ERROR;
				GCC_WARN_UNDECLARED_SELECTOR = YES;
				GCC_WARN_UNINITIALIZED_AUTOS = YES_AGGRESSIVE;
				GCC_WARN_UNUSED_FUNCTION = YES;
				GCC_WARN_UNUSED_VARIABLE = YES;
				IPHONEOS_DEPLOYMENT_TARGET = 13.4;
				MTL_ENABLE_DEBUG_INFO = NO;
				MTL_FAST_MATH = YES;
				SDKROOT = iphoneos;
				SWIFT_COMPILATION_MODE = wholemodule;
				SWIFT_OPTIMIZATION_LEVEL = "-O";
				VALIDATE_PRODUCT = YES;
			};
			name = Release;
		};
		3E3D84F3242FE06C00164981 /* Debug */ = {
			isa = XCBuildConfiguration;
			baseConfigurationReference = CE2F60A8E635AD031D4BBEFE /* Pods-DevSocial.debug.xcconfig */;
			buildSettings = {
				ASSETCATALOG_COMPILER_APPICON_NAME = AppIcon;
				CODE_SIGN_ENTITLEMENTS = DevSocial/DevSocial.entitlements;
				CODE_SIGN_STYLE = Automatic;
				DEVELOPMENT_TEAM = B6XP6DNN6W;
				INFOPLIST_FILE = DevSocial/Info.plist;
				IPHONEOS_DEPLOYMENT_TARGET = 13.0;
				LD_RUNPATH_SEARCH_PATHS = (
					"$(inherited)",
					"@executable_path/Frameworks",
				);
				PRODUCT_BUNDLE_IDENTIFIER = com.instadevs.DevSocial;
				PRODUCT_NAME = "$(TARGET_NAME)";
				SWIFT_VERSION = 5.0;
				TARGETED_DEVICE_FAMILY = 1;
			};
			name = Debug;
		};
		3E3D84F4242FE06C00164981 /* Release */ = {
			isa = XCBuildConfiguration;
			baseConfigurationReference = 4ED06CFDC266AADBBFC453F9 /* Pods-DevSocial.release.xcconfig */;
			buildSettings = {
				ASSETCATALOG_COMPILER_APPICON_NAME = AppIcon;
				CODE_SIGN_ENTITLEMENTS = DevSocial/DevSocial.entitlements;
				CODE_SIGN_STYLE = Automatic;
				DEVELOPMENT_TEAM = B6XP6DNN6W;
				INFOPLIST_FILE = DevSocial/Info.plist;
				IPHONEOS_DEPLOYMENT_TARGET = 13.0;
				LD_RUNPATH_SEARCH_PATHS = (
					"$(inherited)",
					"@executable_path/Frameworks",
				);
				PRODUCT_BUNDLE_IDENTIFIER = com.instadevs.DevSocial;
				PRODUCT_NAME = "$(TARGET_NAME)";
				SWIFT_VERSION = 5.0;
				TARGETED_DEVICE_FAMILY = 1;
			};
			name = Release;
		};
/* End XCBuildConfiguration section */

/* Begin XCConfigurationList section */
		3E3D84D9242FE06B00164981 /* Build configuration list for PBXProject "DevSocial" */ = {
			isa = XCConfigurationList;
			buildConfigurations = (
				3E3D84F0242FE06C00164981 /* Debug */,
				3E3D84F1242FE06C00164981 /* Release */,
			);
			defaultConfigurationIsVisible = 0;
			defaultConfigurationName = Release;
		};
		3E3D84F2242FE06C00164981 /* Build configuration list for PBXNativeTarget "DevSocial" */ = {
			isa = XCConfigurationList;
			buildConfigurations = (
				3E3D84F3242FE06C00164981 /* Debug */,
				3E3D84F4242FE06C00164981 /* Release */,
			);
			defaultConfigurationIsVisible = 0;
			defaultConfigurationName = Release;
		};
/* End XCConfigurationList section */
	};
	rootObject = 3E3D84D6242FE06B00164981 /* Project object */;
}
